PODS:
  - CTLTrackingAds-SDK (0.1.0)

DEPENDENCIES:
  - CTLTrackingAds-SDK (from `../`)

EXTERNAL SOURCES:
  CTLTrackingAds-SDK:
    :path: "../"

SPEC CHECKSUMS:
  CTLTrackingAds-SDK: 15b4f6c2598be35f3d39b22397354ff2f33da581

PODFILE CHECKSUM: 3e27735f58655110a7cc2da280ea09b8700eb0ba

COCOAPODS: 1.6.0.beta.2
